
Microsoft Visual Studio Solution File, Format Version 12.00
# Visual Studio Version 17
VisualStudioVersion = 17.3.32929.385
MinimumVisualStudioVersion = 10.0.40219.1
Project("{FAE04EC0-301F-11D3-BF4B-00C04F79EFBC}") = "Mini411", "Mini411\Mini411.csproj", "{E456EA2F-3F75-4D6B-B8E2-13F71451F4C5}"
EndProject
Global
	GlobalSection(SolutionConfigurationPlatforms) = preSolution
		Debug|Any CPU = Debug|Any CPU
		Release|Any CPU = Release|Any CPU
	EndGlobalSection
	GlobalSection(ProjectConfigurationPlatforms) = postSolution
		{E456EA2F-3F75-4D6B-B8E2-13F71451F4C5}.Debug|Any CPU.ActiveCfg = Debug|Any CPU
		{E456EA2F-3F75-4D6B-B8E2-13F71451F4C5}.Debug|Any CPU.Build.0 = Debug|Any CPU
		{E456EA2F-3F75-4D6B-B8E2-13F71451F4C5}.Release|Any CPU.ActiveCfg = Release|Any CPU
		{E456EA2F-3F75-4D6B-B8E2-13F71451F4C5}.Release|Any CPU.Build.0 = Release|Any CPU
	EndGlobalSection
	GlobalSection(SolutionProperties) = preSolution
		HideSolutionNode = FALSE
	EndGlobalSection
	GlobalSection(ExtensibilityGlobals) = postSolution
		SolutionGuid = {4EA696FC-74FC-4634-8CEE-38713C931112}
	EndGlobalSection
EndGlobal
